
Microsoft Visual Studio Solution File, Format Version 12.00
# Visual Studio 14
VisualStudioVersion = 14.0.25420.1
MinimumVisualStudioVersion = 10.0.40219.1
Project("{FAE04EC0-301F-11D3-BF4B-00C04F79EFBC}") = "WpfAppCon", "WpfAppCon02\WpfAppCon.csproj", "{55A03647-3526-494F-857C-81B3134218C2}"
EndProject
Project("{FAE04EC0-301F-11D3-BF4B-00C04F79EFBC}") = "Data", "Data\Data.csproj", "{DB6128DE-4886-4B91-8B42-82F496C3C669}"
EndProject
Global
	GlobalSection(SolutionConfigurationPlatforms) = preSolution
		Debug|Any CPU = Debug|Any CPU
		Release|Any CPU = Release|Any CPU
	EndGlobalSection
	GlobalSection(ProjectConfigurationPlatforms) = postSolution
		{55A03647-3526-494F-857C-81B3134218C2}.Debug|Any CPU.ActiveCfg = Debug|Any CPU
		{55A03647-3526-494F-857C-81B3134218C2}.Debug|Any CPU.Build.0 = Debug|Any CPU
		{55A03647-3526-494F-857C-81B3134218C2}.Release|Any CPU.ActiveCfg = Release|Any CPU
		{55A03647-3526-494F-857C-81B3134218C2}.Release|Any CPU.Build.0 = Release|Any CPU
		{DB6128DE-4886-4B91-8B42-82F496C3C669}.Debug|Any CPU.ActiveCfg = Debug|Any CPU
		{DB6128DE-4886-4B91-8B42-82F496C3C669}.Debug|Any CPU.Build.0 = Debug|Any CPU
		{DB6128DE-4886-4B91-8B42-82F496C3C669}.Release|Any CPU.ActiveCfg = Release|Any CPU
		{DB6128DE-4886-4B91-8B42-82F496C3C669}.Release|Any CPU.Build.0 = Release|Any CPU
	EndGlobalSection
	GlobalSection(SolutionProperties) = preSolution
		HideSolutionNode = FALSE
	EndGlobalSection
EndGlobal
